// !$*UTF8*$!
{
	archiveVersion = 1;
	classes = {
	};
	objectVersion = 46;
	objects = {

/* Begin PBXBuildFile section */
		EC2E54631F7D8EA000FA6A97 /* AppDelegate.swift in Sources */ = {isa = PBXBuildFile; fileRef = EC2E54621F7D8EA000FA6A97 /* AppDelegate.swift */; };
		EC2E54651F7D8EA000FA6A97 /* ViewController.swift in Sources */ = {isa = PBXBuildFile; fileRef = EC2E54641F7D8EA000FA6A97 /* ViewController.swift */; };
		EC2E54681F7D8EA000FA6A97 /* Main.storyboard in Resources */ = {isa = PBXBuildFile; fileRef = EC2E54661F7D8EA000FA6A97 /* Main.storyboard */; };
		EC2E546A1F7D8EA000FA6A97 /* Assets.xcassets in Resources */ = {isa = PBXBuildFile; fileRef = EC2E54691F7D8EA000FA6A97 /* Assets.xcassets */; };
		EC2E546D1F7D8EA000FA6A97 /* LaunchScreen.storyboard in Resources */ = {isa = PBXBuildFile; fileRef = EC2E546B1F7D8EA000FA6A97 /* LaunchScreen.storyboard */; };
		EC2E54751F7D969800FA6A97 /* keys.wav in Resources */ = {isa = PBXBuildFile; fileRef = EC2E54741F7D969800FA6A97 /* keys.wav */; };
/* End PBXBuildFile section */

/* Begin PBXFileReference section */
		EC2E545F1F7D8EA000FA6A97 /* AudioBlogPost.app */ = {isa = PBXFileReference; explicitFileType = wrapper.application; includeInIndex = 0; path = AudioBlogPost.app; sourceTree = BUILT_PRODUCTS_DIR; };
		EC2E54621F7D8EA000FA6A97 /* AppDelegate.swift */ = {isa = PBXFileReference; lastKnownFileType = sourcecode.swift; path = AppDelegate.swift; sourceTree = "<group>"; };
		EC2E54641F7D8EA000FA6A97 /* ViewController.swift */ = {isa = PBXFileReference; lastKnownFileType = sourcecode.swift; path = ViewController.swift; sourceTree = "<group>"; };
		EC2E54671F7D8EA000FA6A97 /* Base */ = {isa = PBXFileReference; lastKnownFileType = file.storyboard; name = Base; path = Base.lproj/Main.storyboard; sourceTree = "<group>"; };
		EC2E54691F7D8EA000FA6A97 /* Assets.xcassets */ = {isa = PBXFileReference; lastKnownFileType = folder.assetcatalog; path = Assets.xcassets; sourceTree = "<group>"; };
		EC2E546C1F7D8EA000FA6A97 /* Base */ = {isa = PBXFileReference; lastKnownFileType = file.storyboard; name = Base; path = Base.lproj/LaunchScreen.storyboard; sourceTree = "<group>"; };
		EC2E546E1F7D8EA000FA6A97 /* Info.plist */ = {isa = PBXFileReference; lastKnownFileType = text.plist.xml; path = Info.plist; sourceTree = "<group>"; };
		EC2E54741F7D969800FA6A97 /* keys.wav */ = {isa = PBXFileReference; lastKnownFileType = audio.wav; path = keys.wav; sourceTree = "<group>"; };
/* End PBXFileReference section */

/* Begin PBXFrameworksBuildPhase section */
		EC2E545C1F7D8EA000FA6A97 /* Frameworks */ = {
			isa = PBXFrameworksBuildPhase;
			buildActionMask = 2147483647;
			files = (
			);
			runOnlyForDeploymentPostprocessing = 0;
		};
/* End PBXFrameworksBuildPhase section */

/* Begin PBXGroup section */
		EC2E54561F7D8EA000FA6A97 = {
			isa = PBXGroup;
			children = (
				EC2E54611F7D8EA000FA6A97 /* AudioBlogPost */,
				EC2E54601F7D8EA000FA6A97 /* Products */,
			);
			sourceTree = "<group>";
		};
		EC2E54601F7D8EA000FA6A97 /* Products */ = {
			isa = PBXGroup;
			children = (
				EC2E545F1F7D8EA000FA6A97 /* AudioBlogPost.app */,
			);
			name = Products;
			sourceTree = "<group>";
		};
		EC2E54611F7D8EA000FA6A97 /* AudioBlogPost */ = {
			isa = PBXGroup;
			children = (
				EC2E54741F7D969800FA6A97 /* keys.wav */,
				EC2E54621F7D8EA000FA6A97 /* AppDelegate.swift */,
				EC2E54641F7D8EA000FA6A97 /* ViewController.swift */,
				EC2E54661F7D8EA000FA6A97 /* Main.storyboard */,
				EC2E54691F7D8EA000FA6A97 /* Assets.xcassets */,
				EC2E546B1F7D8EA000FA6A97 /* LaunchScreen.storyboard */,
				EC2E546E1F7D8EA000FA6A97 /* Info.plist */,
			);
			path = AudioBlogPost;
			sourceTree = "<group>";
		};
/* End PBXGroup section */

/* Begin PBXNativeTarget section */
		EC2E545E1F7D8EA000FA6A97 /* AudioBlogPost */ = {
			isa = PBXNativeTarget;
			buildConfigurationList = EC2E54711F7D8EA000FA6A97 /* Build configuration list for PBXNativeTarget "AudioBlogPost" */;
			buildPhases = (
				EC2E545B1F7D8EA000FA6A97 /* Sources */,
				EC2E545C1F7D8EA000FA6A97 /* Frameworks */,
				EC2E545D1F7D8EA000FA6A97 /* Resources */,
			);
			buildRules = (
			);
			dependencies = (
			);
			name = AudioBlogPost;
			productName = AudioBlogPost;
			productReference = EC2E545F1F7D8EA000FA6A97 /* AudioBlogPost.app */;
			productType = "com.apple.product-type.application";
		};
/* End PBXNativeTarget section */

/* Begin PBXProject section */
		EC2E54571F7D8EA000FA6A97 /* Project object */ = {
			isa = PBXProject;
			attributes = {
				LastSwiftUpdateCheck = 0830;
				LastUpgradeCheck = 0830;
				ORGANIZATIONNAME = "Patrick O'Leary";
				TargetAttributes = {
					EC2E545E1F7D8EA000FA6A97 = {
						CreatedOnToolsVersion = 8.3.3;
						DevelopmentTeam = 992D98C4QP;
						ProvisioningStyle = Automatic;
					};
				};
			};
			buildConfigurationList = EC2E545A1F7D8EA000FA6A97 /* Build configuration list for PBXProject "AudioBlogPost" */;
			compatibilityVersion = "Xcode 3.2";
			developmentRegion = English;
			hasScannedForEncodings = 0;
			knownRegions = (
				en,
				Base,
			);
			mainGroup = EC2E54561F7D8EA000FA6A97;
			productRefGroup = EC2E54601F7D8EA000FA6A97 /* Products */;
			projectDirPath = "";
			projectRoot = "";
			targets = (
				EC2E545E1F7D8EA000FA6A97 /* AudioBlogPost */,
			);
		};
/* End PBXProject section */

/* Begin PBXResourcesBuildPhase section */
		EC2E545D1F7D8EA000FA6A97 /* Resources */ = {
			isa = PBXResourcesBuildPhase;
			buildActionMask = 2147483647;
			files = (
				EC2E54751F7D969800FA6A97 /* keys.wav in Resources */,
				EC2E546D1F7D8EA000FA6A97 /* LaunchScreen.storyboard in Resources */,
				EC2E546A1F7D8EA000FA6A97 /* Assets.xcassets in Resources */,
				EC2E54681F7D8EA000FA6A97 /* Main.storyboard in Resources */,
			);
			runOnlyForDeploymentPostprocessing = 0;
		};
/* End PBXResourcesBuildPhase section */

/* Begin PBXSourcesBuildPhase section */
		EC2E545B1F7D8EA000FA6A97 /* Sources */ = {
			isa = PBXSourcesBuildPhase;
			buildActionMask = 2147483647;
			files = (
				EC2E54651F7D8EA000FA6A97 /* ViewController.swift in Sources */,
				EC2E54631F7D8EA000FA6A97 /* AppDelegate.swift in Sources */,
			);
			runOnlyForDeploymentPostprocessing = 0;
		};
/* End PBXSourcesBuildPhase section */

/* Begin PBXVariantGroup section */
		EC2E54661F7D8EA000FA6A97 /* Main.storyboard */ = {
			isa = PBXVariantGroup;
			children = (
				EC2E54671F7D8EA000FA6A97 /* Base */,
			);
			name = Main.storyboard;
			sourceTree = "<group>";
		};
		EC2E546B1F7D8EA000FA6A97 /* LaunchScreen.storyboard */ = {
			isa = PBXVariantGroup;
			children = (
				EC2E546C1F7D8EA000FA6A97 /* Base */,
			);
			name = LaunchScreen.storyboard;
			sourceTree = "<group>";
		};
/* End PBXVariantGroup section */

/* Begin XCBuildConfiguration section */
		EC2E546F1F7D8EA000FA6A97 /* Debug */ = {
			isa = XCBuildConfiguration;
			buildSettings = {
				ALWAYS_SEARCH_USER_PATHS = NO;
				CLANG_ANALYZER_NONNULL = YES;
				CLANG_ANALYZER_NUMBER_OBJECT_CONVERSION = YES_AGGRESSIVE;
				CLANG_CXX_LANGUAGE_STANDARD = "gnu++0x";
				CLANG_CXX_LIBRARY = "libc++";
				CLANG_ENABLE_MODULES = YES;
				CLANG_ENABLE_OBJC_ARC = YES;
				CLANG_WARN_BOOL_CONVERSION = YES;
				CLANG_WARN_CONSTANT_CONVERSION = YES;
				CLANG_WARN_DIRECT_OBJC_ISA_USAGE = YES_ERROR;
				CLANG_WARN_DOCUMENTATION_COMMENTS = YES;
				CLANG_WARN_EMPTY_BODY = YES;
				CLANG_WARN_ENUM_CONVERSION = YES;
				CLANG_WARN_INFINITE_RECURSION = YES;
				CLANG_WARN_INT_CONVERSION = YES;
				CLANG_WARN_OBJC_ROOT_CLASS = YES_ERROR;
				CLANG_WARN_SUSPICIOUS_MOVE = YES;
				CLANG_WARN_UNREACHABLE_CODE = YES;
				CLANG_WARN__DUPLICATE_METHOD_MATCH = YES;
				"CODE_SIGN_IDENTITY[sdk=iphoneos*]" = "iPhone Developer";
				COPY_PHASE_STRIP = NO;
				DEBUG_INFORMATION_FORMAT = dwarf;
				ENABLE_STRICT_OBJC_MSGSEND = YES;
				ENABLE_TESTABILITY = YES;
				GCC_C_LANGUAGE_STANDARD = gnu99;
				GCC_DYNAMIC_NO_PIC = NO;
				GCC_NO_COMMON_BLOCKS = YES;
				GCC_OPTIMIZATION_LEVEL = 0;
				GCC_PREPROCESSOR_DEFINITIONS = (
					"DEBUG=1",
					"$(inherited)",
				);
				GCC_WARN_64_TO_32_BIT_CONVERSION = YES;
				GCC_WARN_ABOUT_RETURN_TYPE = YES_ERROR;
				GCC_WARN_UNDECLARED_SELECTOR = YES;
				GCC_WARN_UNINITIALIZED_AUTOS = YES_AGGRESSIVE;
				GCC_WARN_UNUSED_FUNCTION = YES;
				GCC_WARN_UNUSED_VARIABLE = YES;
				IPHONEOS_DEPLOYMENT_TARGET = 10.3;
				MTL_ENABLE_DEBUG_INFO = YES;
				ONLY_ACTIVE_ARCH = YES;
				SDKROOT = iphoneos;
				SWIFT_ACTIVE_COMPILATION_CONDITIONS = DEBUG;
				SWIFT_OPTIMIZATION_LEVEL = "-Onone";
			};
			name = Debug;
		};
		EC2E54701F7D8EA000FA6A97 /* Release */ = {
			isa = XCBuildConfiguration;
			buildSettings = {
				ALWAYS_SEARCH_USER_PATHS = NO;
				CLANG_ANALYZER_NONNULL = YES;
				CLANG_ANALYZER_NUMBER_OBJECT_CONVERSION = YES_AGGRESSIVE;
				CLANG_CXX_LANGUAGE_STANDARD = "gnu++0x";
				CLANG_CXX_LIBRARY = "libc++";
				CLANG_ENABLE_MODULES = YES;
				CLANG_ENABLE_OBJC_ARC = YES;
				CLANG_WARN_BOOL_CONVERSION = YES;
				CLANG_WARN_CONSTANT_CONVERSION = YES;
				CLANG_WARN_DIRECT_OBJC_ISA_USAGE = YES_ERROR;
				CLANG_WARN_DOCUMENTATION_COMMENTS = YES;
				CLANG_WARN_EMPTY_BODY = YES;
				CLANG_WARN_ENUM_CONVERSION = YES;
				CLANG_WARN_INFINITE_RECURSION = YES;
				CLANG_WARN_INT_CONVERSION = YES;
				CLANG_WARN_OBJC_ROOT_CLASS = YES_ERROR;
				CLANG_WARN_SUSPICIOUS_MOVE = YES;
				CLANG_WARN_UNREACHABLE_CODE = YES;
				CLANG_WARN__DUPLICATE_METHOD_MATCH = YES;
				"CODE_SIGN_IDENTITY[sdk=iphoneos*]" = "iPhone Developer";
				COPY_PHASE_STRIP = NO;
				DEBUG_INFORMATION_FORMAT = "dwarf-with-dsym";
				ENABLE_NS_ASSERTIONS = NO;
				ENABLE_STRICT_OBJC_MSGSEND = YES;
				GCC_C_LANGUAGE_STANDARD = gnu99;
				GCC_NO_COMMON_BLOCKS = YES;
				GCC_WARN_64_TO_32_BIT_CONVERSION = YES;
				GCC_WARN_ABOUT_RETURN_TYPE = YES_ERROR;
				GCC_WARN_UNDECLARED_SELECTOR = YES;
				GCC_WARN_UNINITIALIZED_AUTOS = YES_AGGRESSIVE;
				GCC_WARN_UNUSED_FUNCTION = YES;
				GCC_WARN_UNUSED_VARIABLE = YES;
				IPHONEOS_DEPLOYMENT_TARGET = 10.3;
				MTL_ENABLE_DEBUG_INFO = NO;
				SDKROOT = iphoneos;
				SWIFT_OPTIMIZATION_LEVEL = "-Owholemodule";
				VALIDATE_PRODUCT = YES;
			};
			name = Release;
		};
		EC2E54721F7D8EA000FA6A97 /* Debug */ = {
			isa = XCBuildConfiguration;
			buildSettings = {
				ASSETCATALOG_COMPILER_APPICON_NAME = AppIcon;
				DEVELOPMENT_TEAM = 992D98C4QP;
				INFOPLIST_FILE = AudioBlogPost/Info.plist;
				LD_RUNPATH_SEARCH_PATHS = "$(inherited) @executable_path/Frameworks";
				PRODUCT_BUNDLE_IDENTIFIER = SweetPea.AudioBlogPost;
				PRODUCT_NAME = "$(TARGET_NAME)";
				SWIFT_VERSION = 3.0;
			};
			name = Debug;
		};
		EC2E54731F7D8EA000FA6A97 /* Release */ = {
			isa = XCBuildConfiguration;
			buildSettings = {
				ASSETCATALOG_COMPILER_APPICON_NAME = AppIcon;
				DEVELOPMENT_TEAM = 992D98C4QP;
				INFOPLIST_FILE = AudioBlogPost/Info.plist;
				LD_RUNPATH_SEARCH_PATHS = "$(inherited) @executable_path/Frameworks";
				PRODUCT_BUNDLE_IDENTIFIER = SweetPea.AudioBlogPost;
				PRODUCT_NAME = "$(TARGET_NAME)";
				SWIFT_VERSION = 3.0;
			};
			name = Release;
		};
/* End XCBuildConfiguration section */

/* Begin XCConfigurationList section */
		EC2E545A1F7D8EA000FA6A97 /* Build configuration list for PBXProject "AudioBlogPost" */ = {
			isa = XCConfigurationList;
			buildConfigurations = (
				EC2E546F1F7D8EA000FA6A97 /* Debug */,
				EC2E54701F7D8EA000FA6A97 /* Release */,
			);
			defaultConfigurationIsVisible = 0;
			defaultConfigurationName = Release;
		};
		EC2E54711F7D8EA000FA6A97 /* Build configuration list for PBXNativeTarget "AudioBlogPost" */ = {
			isa = XCConfigurationList;
			buildConfigurations = (
				EC2E54721F7D8EA000FA6A97 /* Debug */,
				EC2E54731F7D8EA000FA6A97 /* Release */,
			);
			defaultConfigurationIsVisible = 0;
		};
/* End XCConfigurationList section */
	};
	rootObject = EC2E54571F7D8EA000FA6A97 /* Project object */;
}
